
Microsoft Visual Studio Solution File, Format Version 12.00
# Visual Studio Version 16
VisualStudioVersion = 16.0.31624.102
MinimumVisualStudioVersion = 10.0.40219.1
Project("{FAE04EC0-301F-11D3-BF4B-00C04F79EFBC}") = "balkezesek", "balkezesek\balkezesek.csproj", "{8ADB2C5A-A1A7-410D-88B6-5FE14378522F}"
EndProject
Global
	GlobalSection(SolutionConfigurationPlatforms) = preSolution
		Debug|Any CPU = Debug|Any CPU
		Release|Any CPU = Release|Any CPU
	EndGlobalSection
	GlobalSection(ProjectConfigurationPlatforms) = postSolution
		{8ADB2C5A-A1A7-410D-88B6-5FE14378522F}.Debug|Any CPU.ActiveCfg = Debug|Any CPU
		{8ADB2C5A-A1A7-410D-88B6-5FE14378522F}.Debug|Any CPU.Build.0 = Debug|Any CPU
		{8ADB2C5A-A1A7-410D-88B6-5FE14378522F}.Release|Any CPU.ActiveCfg = Release|Any CPU
		{8ADB2C5A-A1A7-410D-88B6-5FE14378522F}.Release|Any CPU.Build.0 = Release|Any CPU
	EndGlobalSection
	GlobalSection(SolutionProperties) = preSolution
		HideSolutionNode = FALSE
	EndGlobalSection
	GlobalSection(ExtensibilityGlobals) = postSolution
		SolutionGuid = {86893FB1-3E00-4F61-8B37-5A30C02AB3AE}
	EndGlobalSection
EndGlobal
